{
  "version": 4,
  "terraform_version": "1.9.3",
  "serial": 2,
  "lineage": "c48e3e0b-4bc7-ec48-b314-1868c8036a77",
  "outputs": {
    "droplet_ip": {
      "value": "143.198.28.30",
      "type": "string"
    }
  },
  "resources": [
    {
      "mode": "managed",
      "type": "digitalocean_droplet",
      "name": "example",
      "provider": "provider[\"registry.terraform.io/digitalocean/digitalocean\"]",
      "instances": [
        {
          "schema_version": 1,
          "attributes": {
            "backups": false,
            "created_at": "2024-09-16T04:57:26Z",
            "disk": 25,
            "droplet_agent": null,
            "graceful_shutdown": false,
            "id": "445560885",
            "image": "ubuntu-20-04-x64",
            "ipv4_address": "143.198.28.30",
            "ipv4_address_private": "10.108.0.2",
            "ipv6": false,
            "ipv6_address": "",
            "locked": false,
            "memory": 1024,
            "monitoring": false,
            "name": "ci-cd-droplet",
            "price_hourly": 0.00893,
            "price_monthly": 6,
            "private_networking": true,
            "region": "nyc3",
            "resize_disk": true,
            "size": "s-1vcpu-1gb",
            "ssh_keys": null,
            "status": "active",
            "tags": null,
            "timeouts": null,
            "urn": "do:droplet:445560885",
            "user_data": "b24ed76376e56e97c1d31ac255f03dbb554532a6",
            "vcpus": 1,
            "volume_ids": [],
            "vpc_uuid": "43b390e1-8313-42ed-8fae-d695984833ef"
          },
          "sensitive_attributes": [],
          "private": "eyJlMmJmYjczMC1lY2FhLTExZTYtOGY4OC0zNDM2M2JjN2M0YzAiOnsiY3JlYXRlIjozNjAwMDAwMDAwMDAwLCJkZWxldGUiOjYwMDAwMDAwMDAwLCJ1cGRhdGUiOjM2MDAwMDAwMDAwMDB9LCJzY2hlbWFfdmVyc2lvbiI6IjEifQ=="
        }
      ]
    }
  ],
  "check_results": null
}
